// !$*UTF8*$!
{
	archiveVersion = 1;
	classes = {
	};
	objectVersion = 46;
	objects = {

/* Begin PBXBuildFile section */
		431761191BC1A4E5008F60D2 /* User.swift in Sources */ = {isa = PBXBuildFile; fileRef = 431761181BC1A4E5008F60D2 /* User.swift */; settings = {ASSET_TAGS = (); }; };
		4317611B1BC1A54F008F60D2 /* Tweet.swift in Sources */ = {isa = PBXBuildFile; fileRef = 4317611A1BC1A54F008F60D2 /* Tweet.swift */; settings = {ASSET_TAGS = (); }; };
		433C5EF81BBE388F004980AD /* AppDelegate.swift in Sources */ = {isa = PBXBuildFile; fileRef = 433C5EF71BBE388F004980AD /* AppDelegate.swift */; };
		433C5EFD1BBE388F004980AD /* Main.storyboard in Resources */ = {isa = PBXBuildFile; fileRef = 433C5EFB1BBE388F004980AD /* Main.storyboard */; };
		433C5EFF1BBE388F004980AD /* Assets.xcassets in Resources */ = {isa = PBXBuildFile; fileRef = 433C5EFE1BBE388F004980AD /* Assets.xcassets */; };
		433C5F021BBE388F004980AD /* LaunchScreen.storyboard in Resources */ = {isa = PBXBuildFile; fileRef = 433C5F001BBE388F004980AD /* LaunchScreen.storyboard */; };
		43C046531BC1B872008FBF99 /* TweetsViewController.swift in Sources */ = {isa = PBXBuildFile; fileRef = 43C046521BC1B872008FBF99 /* TweetsViewController.swift */; settings = {ASSET_TAGS = (); }; };
		43C046561BC2053B008FBF99 /* TweetCell.swift in Sources */ = {isa = PBXBuildFile; fileRef = 43C046551BC2053B008FBF99 /* TweetCell.swift */; settings = {ASSET_TAGS = (); }; };
		43C046591BC26270008FBF99 /* NewTweetViewController.swift in Sources */ = {isa = PBXBuildFile; fileRef = 43C046581BC26270008FBF99 /* NewTweetViewController.swift */; settings = {ASSET_TAGS = (); }; };
		43DEF7C91BBE44B900DAE85C /* TwitterClient.swift in Sources */ = {isa = PBXBuildFile; fileRef = 43DEF7C81BBE44B900DAE85C /* TwitterClient.swift */; settings = {ASSET_TAGS = (); }; };
		43DEF7CB1BBE454300DAE85C /* LoginViewController.swift in Sources */ = {isa = PBXBuildFile; fileRef = 43DEF7CA1BBE454300DAE85C /* LoginViewController.swift */; settings = {ASSET_TAGS = (); }; };
		F8E7160FC3F10B176744E480 /* libPods-twitterclone.a in Frameworks */ = {isa = PBXBuildFile; fileRef = 8E88BCA753474D094AC27880 /* libPods-twitterclone.a */; };
/* End PBXBuildFile section */

/* Begin PBXFileReference section */
		431761181BC1A4E5008F60D2 /* User.swift */ = {isa = PBXFileReference; fileEncoding = 4; lastKnownFileType = sourcecode.swift; path = User.swift; sourceTree = "<group>"; };
		4317611A1BC1A54F008F60D2 /* Tweet.swift */ = {isa = PBXFileReference; fileEncoding = 4; lastKnownFileType = sourcecode.swift; path = Tweet.swift; sourceTree = "<group>"; };
		433C5EF41BBE388F004980AD /* twitterclone.app */ = {isa = PBXFileReference; explicitFileType = wrapper.application; includeInIndex = 0; path = twitterclone.app; sourceTree = BUILT_PRODUCTS_DIR; };
		433C5EF71BBE388F004980AD /* AppDelegate.swift */ = {isa = PBXFileReference; lastKnownFileType = sourcecode.swift; path = AppDelegate.swift; sourceTree = "<group>"; };
		433C5EFC1BBE388F004980AD /* Base */ = {isa = PBXFileReference; lastKnownFileType = file.storyboard; name = Base; path = Base.lproj/Main.storyboard; sourceTree = "<group>"; };
		433C5EFE1BBE388F004980AD /* Assets.xcassets */ = {isa = PBXFileReference; lastKnownFileType = folder.assetcatalog; path = Assets.xcassets; sourceTree = "<group>"; };
		433C5F011BBE388F004980AD /* Base */ = {isa = PBXFileReference; lastKnownFileType = file.storyboard; name = Base; path = Base.lproj/LaunchScreen.storyboard; sourceTree = "<group>"; };
		433C5F031BBE388F004980AD /* Info.plist */ = {isa = PBXFileReference; lastKnownFileType = text.plist.xml; path = Info.plist; sourceTree = "<group>"; };
		43C046521BC1B872008FBF99 /* TweetsViewController.swift */ = {isa = PBXFileReference; fileEncoding = 4; lastKnownFileType = sourcecode.swift; path = TweetsViewController.swift; sourceTree = "<group>"; };
		43C046551BC2053B008FBF99 /* TweetCell.swift */ = {isa = PBXFileReference; fileEncoding = 4; lastKnownFileType = sourcecode.swift; path = TweetCell.swift; sourceTree = "<group>"; };
		43C046581BC26270008FBF99 /* NewTweetViewController.swift */ = {isa = PBXFileReference; fileEncoding = 4; lastKnownFileType = sourcecode.swift; path = NewTweetViewController.swift; sourceTree = "<group>"; };
		43DEF7C41BBE3EE600DAE85C /* twitterclone-Bridging-Header.h */ = {isa = PBXFileReference; lastKnownFileType = sourcecode.c.h; path = "twitterclone-Bridging-Header.h"; sourceTree = "<group>"; };
		43DEF7C81BBE44B900DAE85C /* TwitterClient.swift */ = {isa = PBXFileReference; fileEncoding = 4; lastKnownFileType = sourcecode.swift; path = TwitterClient.swift; sourceTree = "<group>"; };
		43DEF7CA1BBE454300DAE85C /* LoginViewController.swift */ = {isa = PBXFileReference; fileEncoding = 4; lastKnownFileType = sourcecode.swift; path = LoginViewController.swift; sourceTree = "<group>"; };
		8E88BCA753474D094AC27880 /* libPods-twitterclone.a */ = {isa = PBXFileReference; explicitFileType = archive.ar; includeInIndex = 0; path = "libPods-twitterclone.a"; sourceTree = BUILT_PRODUCTS_DIR; };
		8EF8227ADCF792D105D46F61 /* Pods-twitterclone.debug.xcconfig */ = {isa = PBXFileReference; includeInIndex = 1; lastKnownFileType = text.xcconfig; name = "Pods-twitterclone.debug.xcconfig"; path = "Pods/Target Support Files/Pods-twitterclone/Pods-twitterclone.debug.xcconfig"; sourceTree = "<group>"; };
		CD69D7DFA591E79A5AF0A956 /* Pods-twitterclone.release.xcconfig */ = {isa = PBXFileReference; includeInIndex = 1; lastKnownFileType = text.xcconfig; name = "Pods-twitterclone.release.xcconfig"; path = "Pods/Target Support Files/Pods-twitterclone/Pods-twitterclone.release.xcconfig"; sourceTree = "<group>"; };
/* End PBXFileReference section */

/* Begin PBXFrameworksBuildPhase section */
		433C5EF11BBE388F004980AD /* Frameworks */ = {
			isa = PBXFrameworksBuildPhase;
			buildActionMask = 2147483647;
			files = (
				F8E7160FC3F10B176744E480 /* libPods-twitterclone.a in Frameworks */,
			);
			runOnlyForDeploymentPostprocessing = 0;
		};
/* End PBXFrameworksBuildPhase section */

/* Begin PBXGroup section */
		431761171BC1A4C9008F60D2 /* Models */ = {
			isa = PBXGroup;
			children = (
				431761181BC1A4E5008F60D2 /* User.swift */,
				4317611A1BC1A54F008F60D2 /* Tweet.swift */,
			);
			name = Models;
			sourceTree = "<group>";
		};
		433C5EEB1BBE388F004980AD = {
			isa = PBXGroup;
			children = (
				433C5EF61BBE388F004980AD /* twitterclone */,
				433C5EF51BBE388F004980AD /* Products */,
				D841EFAECDFE75F9C9A9FB87 /* Pods */,
				FE3A0187E0B5BE6978EF990F /* Frameworks */,
				43DEF7C41BBE3EE600DAE85C /* twitterclone-Bridging-Header.h */,
			);
			sourceTree = "<group>";
		};
		433C5EF51BBE388F004980AD /* Products */ = {
			isa = PBXGroup;
			children = (
				433C5EF41BBE388F004980AD /* twitterclone.app */,
			);
			name = Products;
			sourceTree = "<group>";
		};
		433C5EF61BBE388F004980AD /* twitterclone */ = {
			isa = PBXGroup;
			children = (
				43C046571BC23F7C008FBF99 /* View Controllers */,
				43C046541BC20519008FBF99 /* Views */,
				431761171BC1A4C9008F60D2 /* Models */,
				43DEF7C71BBE3F4800DAE85C /* API */,
				433C5EF71BBE388F004980AD /* AppDelegate.swift */,
				433C5EFB1BBE388F004980AD /* Main.storyboard */,
				433C5EFE1BBE388F004980AD /* Assets.xcassets */,
				433C5F001BBE388F004980AD /* LaunchScreen.storyboard */,
				433C5F031BBE388F004980AD /* Info.plist */,
			);
			path = twitterclone;
			sourceTree = "<group>";
		};
		43C046541BC20519008FBF99 /* Views */ = {
			isa = PBXGroup;
			children = (
				43C046551BC2053B008FBF99 /* TweetCell.swift */,
			);
			name = Views;
			sourceTree = "<group>";
		};
		43C046571BC23F7C008FBF99 /* View Controllers */ = {
			isa = PBXGroup;
			children = (
				43DEF7CA1BBE454300DAE85C /* LoginViewController.swift */,
				43C046521BC1B872008FBF99 /* TweetsViewController.swift */,
				43C046581BC26270008FBF99 /* NewTweetViewController.swift */,
			);
			name = "View Controllers";
			sourceTree = "<group>";
		};
		43DEF7C71BBE3F4800DAE85C /* API */ = {
			isa = PBXGroup;
			children = (
				43DEF7C81BBE44B900DAE85C /* TwitterClient.swift */,
			);
			name = API;
			sourceTree = "<group>";
		};
		D841EFAECDFE75F9C9A9FB87 /* Pods */ = {
			isa = PBXGroup;
			children = (
				8EF8227ADCF792D105D46F61 /* Pods-twitterclone.debug.xcconfig */,
				CD69D7DFA591E79A5AF0A956 /* Pods-twitterclone.release.xcconfig */,
			);
			name = Pods;
			sourceTree = "<group>";
		};
		FE3A0187E0B5BE6978EF990F /* Frameworks */ = {
			isa = PBXGroup;
			children = (
				8E88BCA753474D094AC27880 /* libPods-twitterclone.a */,
			);
			name = Frameworks;
			sourceTree = "<group>";
		};
/* End PBXGroup section */

/* Begin PBXNativeTarget section */
		433C5EF31BBE388F004980AD /* twitterclone */ = {
			isa = PBXNativeTarget;
			buildConfigurationList = 433C5F061BBE388F004980AD /* Build configuration list for PBXNativeTarget "twitterclone" */;
			buildPhases = (
				D4443FEF3A49C7D3ADA43AE8 /* Check Pods Manifest.lock */,
				433C5EF01BBE388F004980AD /* Sources */,
				433C5EF11BBE388F004980AD /* Frameworks */,
				433C5EF21BBE388F004980AD /* Resources */,
				40EEC9DAD21B1AA0CD4F85CF /* Copy Pods Resources */,
			);
			buildRules = (
			);
			dependencies = (
			);
			name = twitterclone;
			productName = twitterclone;
			productReference = 433C5EF41BBE388F004980AD /* twitterclone.app */;
			productType = "com.apple.product-type.application";
		};
/* End PBXNativeTarget section */

/* Begin PBXProject section */
		433C5EEC1BBE388F004980AD /* Project object */ = {
			isa = PBXProject;
			attributes = {
				LastSwiftUpdateCheck = 0700;
				LastUpgradeCheck = 0700;
				ORGANIZATIONNAME = "JoseOnline!";
				TargetAttributes = {
					433C5EF31BBE388F004980AD = {
						CreatedOnToolsVersion = 7.0;
						DevelopmentTeam = HAUN9AM923;
					};
				};
			};
			buildConfigurationList = 433C5EEF1BBE388F004980AD /* Build configuration list for PBXProject "twitterclone" */;
			compatibilityVersion = "Xcode 3.2";
			developmentRegion = English;
			hasScannedForEncodings = 0;
			knownRegions = (
				en,
				Base,
			);
			mainGroup = 433C5EEB1BBE388F004980AD;
			productRefGroup = 433C5EF51BBE388F004980AD /* Products */;
			projectDirPath = "";
			projectRoot = "";
			targets = (
				433C5EF31BBE388F004980AD /* twitterclone */,
			);
		};
/* End PBXProject section */

/* Begin PBXResourcesBuildPhase section */
		433C5EF21BBE388F004980AD /* Resources */ = {
			isa = PBXResourcesBuildPhase;
			buildActionMask = 2147483647;
			files = (
				433C5F021BBE388F004980AD /* LaunchScreen.storyboard in Resources */,
				433C5EFF1BBE388F004980AD /* Assets.xcassets in Resources */,
				433C5EFD1BBE388F004980AD /* Main.storyboard in Resources */,
			);
			runOnlyForDeploymentPostprocessing = 0;
		};
/* End PBXResourcesBuildPhase section */

/* Begin PBXShellScriptBuildPhase section */
		40EEC9DAD21B1AA0CD4F85CF /* Copy Pods Resources */ = {
			isa = PBXShellScriptBuildPhase;
			buildActionMask = 2147483647;
			files = (
			);
			inputPaths = (
			);
			name = "Copy Pods Resources";
			outputPaths = (
			);
			runOnlyForDeploymentPostprocessing = 0;
			shellPath = /bin/sh;
			shellScript = "\"${SRCROOT}/Pods/Target Support Files/Pods-twitterclone/Pods-twitterclone-resources.sh\"\n";
			showEnvVarsInLog = 0;
		};
		D4443FEF3A49C7D3ADA43AE8 /* Check Pods Manifest.lock */ = {
			isa = PBXShellScriptBuildPhase;
			buildActionMask = 2147483647;
			files = (
			);
			inputPaths = (
			);
			name = "Check Pods Manifest.lock";
			outputPaths = (
			);
			runOnlyForDeploymentPostprocessing = 0;
			shellPath = /bin/sh;
			shellScript = "diff \"${PODS_ROOT}/../Podfile.lock\" \"${PODS_ROOT}/Manifest.lock\" > /dev/null\nif [[ $? != 0 ]] ; then\n    cat << EOM\nerror: The sandbox is not in sync with the Podfile.lock. Run 'pod install' or update your CocoaPods installation.\nEOM\n    exit 1\nfi\n";
			showEnvVarsInLog = 0;
		};
/* End PBXShellScriptBuildPhase section */

/* Begin PBXSourcesBuildPhase section */
		433C5EF01BBE388F004980AD /* Sources */ = {
			isa = PBXSourcesBuildPhase;
			buildActionMask = 2147483647;
			files = (
				431761191BC1A4E5008F60D2 /* User.swift in Sources */,
				43C046591BC26270008FBF99 /* NewTweetViewController.swift in Sources */,
				43C046561BC2053B008FBF99 /* TweetCell.swift in Sources */,
				4317611B1BC1A54F008F60D2 /* Tweet.swift in Sources */,
				43C046531BC1B872008FBF99 /* TweetsViewController.swift in Sources */,
				43DEF7CB1BBE454300DAE85C /* LoginViewController.swift in Sources */,
				43DEF7C91BBE44B900DAE85C /* TwitterClient.swift in Sources */,
				433C5EF81BBE388F004980AD /* AppDelegate.swift in Sources */,
			);
			runOnlyForDeploymentPostprocessing = 0;
		};
/* End PBXSourcesBuildPhase section */

/* Begin PBXVariantGroup section */
		433C5EFB1BBE388F004980AD /* Main.storyboard */ = {
			isa = PBXVariantGroup;
			children = (
				433C5EFC1BBE388F004980AD /* Base */,
			);
			name = Main.storyboard;
			sourceTree = "<group>";
		};
		433C5F001BBE388F004980AD /* LaunchScreen.storyboard */ = {
			isa = PBXVariantGroup;
			children = (
				433C5F011BBE388F004980AD /* Base */,
			);
			name = LaunchScreen.storyboard;
			sourceTree = "<group>";
		};
/* End PBXVariantGroup section */

/* Begin XCBuildConfiguration section */
		433C5F041BBE388F004980AD /* Debug */ = {
			isa = XCBuildConfiguration;
			buildSettings = {
				ALWAYS_SEARCH_USER_PATHS = NO;
				CLANG_CXX_LANGUAGE_STANDARD = "gnu++0x";
				CLANG_CXX_LIBRARY = "libc++";
				CLANG_ENABLE_MODULES = YES;
				CLANG_ENABLE_OBJC_ARC = YES;
				CLANG_WARN_BOOL_CONVERSION = YES;
				CLANG_WARN_CONSTANT_CONVERSION = YES;
				CLANG_WARN_DIRECT_OBJC_ISA_USAGE = YES_ERROR;
				CLANG_WARN_EMPTY_BODY = YES;
				CLANG_WARN_ENUM_CONVERSION = YES;
				CLANG_WARN_INT_CONVERSION = YES;
				CLANG_WARN_OBJC_ROOT_CLASS = YES_ERROR;
				CLANG_WARN_UNREACHABLE_CODE = YES;
				CLANG_WARN__DUPLICATE_METHOD_MATCH = YES;
				"CODE_SIGN_IDENTITY[sdk=iphoneos*]" = "iPhone Developer";
				COPY_PHASE_STRIP = NO;
				DEBUG_INFORMATION_FORMAT = dwarf;
				ENABLE_STRICT_OBJC_MSGSEND = YES;
				ENABLE_TESTABILITY = YES;
				GCC_C_LANGUAGE_STANDARD = gnu99;
				GCC_DYNAMIC_NO_PIC = NO;
				GCC_NO_COMMON_BLOCKS = YES;
				GCC_OPTIMIZATION_LEVEL = 0;
				GCC_PREPROCESSOR_DEFINITIONS = (
					"DEBUG=1",
					"$(inherited)",
				);
				GCC_WARN_64_TO_32_BIT_CONVERSION = YES;
				GCC_WARN_ABOUT_RETURN_TYPE = YES_ERROR;
				GCC_WARN_UNDECLARED_SELECTOR = YES;
				GCC_WARN_UNINITIALIZED_AUTOS = YES_AGGRESSIVE;
				GCC_WARN_UNUSED_FUNCTION = YES;
				GCC_WARN_UNUSED_VARIABLE = YES;
				IPHONEOS_DEPLOYMENT_TARGET = 9.0;
				MTL_ENABLE_DEBUG_INFO = YES;
				ONLY_ACTIVE_ARCH = YES;
				SDKROOT = iphoneos;
				SWIFT_OPTIMIZATION_LEVEL = "-Onone";
				TARGETED_DEVICE_FAMILY = "1,2";
			};
			name = Debug;
		};
		433C5F051BBE388F004980AD /* Release */ = {
			isa = XCBuildConfiguration;
			buildSettings = {
				ALWAYS_SEARCH_USER_PATHS = NO;
				CLANG_CXX_LANGUAGE_STANDARD = "gnu++0x";
				CLANG_CXX_LIBRARY = "libc++";
				CLANG_ENABLE_MODULES = YES;
				CLANG_ENABLE_OBJC_ARC = YES;
				CLANG_WARN_BOOL_CONVERSION = YES;
				CLANG_WARN_CONSTANT_CONVERSION = YES;
				CLANG_WARN_DIRECT_OBJC_ISA_USAGE = YES_ERROR;
				CLANG_WARN_EMPTY_BODY = YES;
				CLANG_WARN_ENUM_CONVERSION = YES;
				CLANG_WARN_INT_CONVERSION = YES;
				CLANG_WARN_OBJC_ROOT_CLASS = YES_ERROR;
				CLANG_WARN_UNREACHABLE_CODE = YES;
				CLANG_WARN__DUPLICATE_METHOD_MATCH = YES;
				"CODE_SIGN_IDENTITY[sdk=iphoneos*]" = "iPhone Developer";
				COPY_PHASE_STRIP = NO;
				DEBUG_INFORMATION_FORMAT = "dwarf-with-dsym";
				ENABLE_NS_ASSERTIONS = NO;
				ENABLE_STRICT_OBJC_MSGSEND = YES;
				GCC_C_LANGUAGE_STANDARD = gnu99;
				GCC_NO_COMMON_BLOCKS = YES;
				GCC_WARN_64_TO_32_BIT_CONVERSION = YES;
				GCC_WARN_ABOUT_RETURN_TYPE = YES_ERROR;
				GCC_WARN_UNDECLARED_SELECTOR = YES;
				GCC_WARN_UNINITIALIZED_AUTOS = YES_AGGRESSIVE;
				GCC_WARN_UNUSED_FUNCTION = YES;
				GCC_WARN_UNUSED_VARIABLE = YES;
				IPHONEOS_DEPLOYMENT_TARGET = 9.0;
				MTL_ENABLE_DEBUG_INFO = NO;
				SDKROOT = iphoneos;
				TARGETED_DEVICE_FAMILY = "1,2";
				VALIDATE_PRODUCT = YES;
			};
			name = Release;
		};
		433C5F071BBE388F004980AD /* Debug */ = {
			isa = XCBuildConfiguration;
			baseConfigurationReference = 8EF8227ADCF792D105D46F61 /* Pods-twitterclone.debug.xcconfig */;
			buildSettings = {
				ASSETCATALOG_COMPILER_APPICON_NAME = AppIcon;
				CLANG_ENABLE_MODULES = YES;
				INFOPLIST_FILE = twitterclone/Info.plist;
				IPHONEOS_DEPLOYMENT_TARGET = 8.4;
				LD_RUNPATH_SEARCH_PATHS = "$(inherited) @executable_path/Frameworks";
				PRODUCT_BUNDLE_IDENTIFIER = com.joseonline.ios.twitterclone;
				PRODUCT_NAME = "$(TARGET_NAME)";
				SWIFT_OBJC_BRIDGING_HEADER = "twitterclone-Bridging-Header.h";
				SWIFT_OPTIMIZATION_LEVEL = "-Onone";
			};
			name = Debug;
		};
		433C5F081BBE388F004980AD /* Release */ = {
			isa = XCBuildConfiguration;
			baseConfigurationReference = CD69D7DFA591E79A5AF0A956 /* Pods-twitterclone.release.xcconfig */;
			buildSettings = {
				ASSETCATALOG_COMPILER_APPICON_NAME = AppIcon;
				CLANG_ENABLE_MODULES = YES;
				INFOPLIST_FILE = twitterclone/Info.plist;
				IPHONEOS_DEPLOYMENT_TARGET = 8.4;
				LD_RUNPATH_SEARCH_PATHS = "$(inherited) @executable_path/Frameworks";
				PRODUCT_BUNDLE_IDENTIFIER = com.joseonline.ios.twitterclone;
				PRODUCT_NAME = "$(TARGET_NAME)";
				SWIFT_OBJC_BRIDGING_HEADER = "twitterclone-Bridging-Header.h";
			};
			name = Release;
		};
/* End XCBuildConfiguration section */

/* Begin XCConfigurationList section */
		433C5EEF1BBE388F004980AD /* Build configuration list for PBXProject "twitterclone" */ = {
			isa = XCConfigurationList;
			buildConfigurations = (
				433C5F041BBE388F004980AD /* Debug */,
				433C5F051BBE388F004980AD /* Release */,
			);
			defaultConfigurationIsVisible = 0;
			defaultConfigurationName = Release;
		};
		433C5F061BBE388F004980AD /* Build configuration list for PBXNativeTarget "twitterclone" */ = {
			isa = XCConfigurationList;
			buildConfigurations = (
				433C5F071BBE388F004980AD /* Debug */,
				433C5F081BBE388F004980AD /* Release */,
			);
			defaultConfigurationIsVisible = 0;
			defaultConfigurationName = Release;
		};
/* End XCConfigurationList section */
	};
	rootObject = 433C5EEC1BBE388F004980AD /* Project object */;
}
